
Microsoft Visual Studio Solution File, Format Version 12.00
# Visual Studio Version 16
VisualStudioVersion = 16.0.32413.511
MinimumVisualStudioVersion = 10.0.40219.1
Project("{FAE04EC0-301F-11D3-BF4B-00C04F79EFBC}") = "20206173_DongBaThuy", "20206173_DongBaThuy\20206173_DongBaThuy.csproj", "{154D2AA6-9102-4896-A0C2-4496C0B2C812}"
EndProject
Global
	GlobalSection(SolutionConfigurationPlatforms) = preSolution
		Debug|Any CPU = Debug|Any CPU
		Release|Any CPU = Release|Any CPU
	EndGlobalSection
	GlobalSection(ProjectConfigurationPlatforms) = postSolution
		{154D2AA6-9102-4896-A0C2-4496C0B2C812}.Debug|Any CPU.ActiveCfg = Debug|Any CPU
		{154D2AA6-9102-4896-A0C2-4496C0B2C812}.Debug|Any CPU.Build.0 = Debug|Any CPU
		{154D2AA6-9102-4896-A0C2-4496C0B2C812}.Release|Any CPU.ActiveCfg = Release|Any CPU
		{154D2AA6-9102-4896-A0C2-4496C0B2C812}.Release|Any CPU.Build.0 = Release|Any CPU
	EndGlobalSection
	GlobalSection(SolutionProperties) = preSolution
		HideSolutionNode = FALSE
	EndGlobalSection
	GlobalSection(ExtensibilityGlobals) = postSolution
		SolutionGuid = {AD38462D-9635-446B-A87E-49D2F5C3FBFD}
	EndGlobalSection
EndGlobal
